// !$*UTF8*$!
{
	archiveVersion = 1;
	classes = {
	};
	objectVersion = 48;
	objects = {

/* Begin PBXBuildFile section */
		AC454BAD20BD3C53006CC184 /* AppDelegate.swift in Sources */ = {isa = PBXBuildFile; fileRef = AC454BAC20BD3C53006CC184 /* AppDelegate.swift */; };
		AC454BAF20BD3C53006CC184 /* ViewController.swift in Sources */ = {isa = PBXBuildFile; fileRef = AC454BAE20BD3C53006CC184 /* ViewController.swift */; };
		AC454BB220BD3C53006CC184 /* Main.storyboard in Resources */ = {isa = PBXBuildFile; fileRef = AC454BB020BD3C53006CC184 /* Main.storyboard */; };
		AC454BB420BD3C53006CC184 /* Assets.xcassets in Resources */ = {isa = PBXBuildFile; fileRef = AC454BB320BD3C53006CC184 /* Assets.xcassets */; };
		AC454BB720BD3C53006CC184 /* LaunchScreen.storyboard in Resources */ = {isa = PBXBuildFile; fileRef = AC454BB520BD3C53006CC184 /* LaunchScreen.storyboard */; };
/* End PBXBuildFile section */

/* Begin PBXFileReference section */
		AC454BA920BD3C53006CC184 /* JsonTwitterParse.app */ = {isa = PBXFileReference; explicitFileType = wrapper.application; includeInIndex = 0; path = JsonTwitterParse.app; sourceTree = BUILT_PRODUCTS_DIR; };
		AC454BAC20BD3C53006CC184 /* AppDelegate.swift */ = {isa = PBXFileReference; lastKnownFileType = sourcecode.swift; path = AppDelegate.swift; sourceTree = "<group>"; };
		AC454BAE20BD3C53006CC184 /* ViewController.swift */ = {isa = PBXFileReference; lastKnownFileType = sourcecode.swift; path = ViewController.swift; sourceTree = "<group>"; };
		AC454BB120BD3C53006CC184 /* Base */ = {isa = PBXFileReference; lastKnownFileType = file.storyboard; name = Base; path = Base.lproj/Main.storyboard; sourceTree = "<group>"; };
		AC454BB320BD3C53006CC184 /* Assets.xcassets */ = {isa = PBXFileReference; lastKnownFileType = folder.assetcatalog; path = Assets.xcassets; sourceTree = "<group>"; };
		AC454BB620BD3C53006CC184 /* Base */ = {isa = PBXFileReference; lastKnownFileType = file.storyboard; name = Base; path = Base.lproj/LaunchScreen.storyboard; sourceTree = "<group>"; };
		AC454BB820BD3C53006CC184 /* Info.plist */ = {isa = PBXFileReference; lastKnownFileType = text.plist.xml; path = Info.plist; sourceTree = "<group>"; };
/* End PBXFileReference section */

/* Begin PBXFrameworksBuildPhase section */
		AC454BA620BD3C53006CC184 /* Frameworks */ = {
			isa = PBXFrameworksBuildPhase;
			buildActionMask = 2147483647;
			files = (
			);
			runOnlyForDeploymentPostprocessing = 0;
		};
/* End PBXFrameworksBuildPhase section */

/* Begin PBXGroup section */
		AC454BA020BD3C53006CC184 = {
			isa = PBXGroup;
			children = (
				AC454BAB20BD3C53006CC184 /* JsonTwitterParse */,
				AC454BAA20BD3C53006CC184 /* Products */,
			);
			sourceTree = "<group>";
		};
		AC454BAA20BD3C53006CC184 /* Products */ = {
			isa = PBXGroup;
			children = (
				AC454BA920BD3C53006CC184 /* JsonTwitterParse.app */,
			);
			name = Products;
			sourceTree = "<group>";
		};
		AC454BAB20BD3C53006CC184 /* JsonTwitterParse */ = {
			isa = PBXGroup;
			children = (
				AC454BAC20BD3C53006CC184 /* AppDelegate.swift */,
				AC454BAE20BD3C53006CC184 /* ViewController.swift */,
				AC454BB020BD3C53006CC184 /* Main.storyboard */,
				AC454BB320BD3C53006CC184 /* Assets.xcassets */,
				AC454BB520BD3C53006CC184 /* LaunchScreen.storyboard */,
				AC454BB820BD3C53006CC184 /* Info.plist */,
			);
			path = JsonTwitterParse;
			sourceTree = "<group>";
		};
/* End PBXGroup section */

/* Begin PBXNativeTarget section */
		AC454BA820BD3C53006CC184 /* JsonTwitterParse */ = {
			isa = PBXNativeTarget;
			buildConfigurationList = AC454BBB20BD3C53006CC184 /* Build configuration list for PBXNativeTarget "JsonTwitterParse" */;
			buildPhases = (
				AC454BA520BD3C53006CC184 /* Sources */,
				AC454BA620BD3C53006CC184 /* Frameworks */,
				AC454BA720BD3C53006CC184 /* Resources */,
			);
			buildRules = (
			);
			dependencies = (
			);
			name = JsonTwitterParse;
			productName = JsonTwitterParse;
			productReference = AC454BA920BD3C53006CC184 /* JsonTwitterParse.app */;
			productType = "com.apple.product-type.application";
		};
/* End PBXNativeTarget section */

/* Begin PBXProject section */
		AC454BA120BD3C53006CC184 /* Project object */ = {
			isa = PBXProject;
			attributes = {
				LastSwiftUpdateCheck = 0920;
				LastUpgradeCheck = 0920;
				ORGANIZATIONNAME = "fatih acar";
				TargetAttributes = {
					AC454BA820BD3C53006CC184 = {
						CreatedOnToolsVersion = 9.2;
						ProvisioningStyle = Automatic;
					};
				};
			};
			buildConfigurationList = AC454BA420BD3C53006CC184 /* Build configuration list for PBXProject "JsonTwitterParse" */;
			compatibilityVersion = "Xcode 8.0";
			developmentRegion = en;
			hasScannedForEncodings = 0;
			knownRegions = (
				en,
				Base,
			);
			mainGroup = AC454BA020BD3C53006CC184;
			productRefGroup = AC454BAA20BD3C53006CC184 /* Products */;
			projectDirPath = "";
			projectRoot = "";
			targets = (
				AC454BA820BD3C53006CC184 /* JsonTwitterParse */,
			);
		};
/* End PBXProject section */

/* Begin PBXResourcesBuildPhase section */
		AC454BA720BD3C53006CC184 /* Resources */ = {
			isa = PBXResourcesBuildPhase;
			buildActionMask = 2147483647;
			files = (
				AC454BB720BD3C53006CC184 /* LaunchScreen.storyboard in Resources */,
				AC454BB420BD3C53006CC184 /* Assets.xcassets in Resources */,
				AC454BB220BD3C53006CC184 /* Main.storyboard in Resources */,
			);
			runOnlyForDeploymentPostprocessing = 0;
		};
/* End PBXResourcesBuildPhase section */

/* Begin PBXSourcesBuildPhase section */
		AC454BA520BD3C53006CC184 /* Sources */ = {
			isa = PBXSourcesBuildPhase;
			buildActionMask = 2147483647;
			files = (
				AC454BAF20BD3C53006CC184 /* ViewController.swift in Sources */,
				AC454BAD20BD3C53006CC184 /* AppDelegate.swift in Sources */,
			);
			runOnlyForDeploymentPostprocessing = 0;
		};
/* End PBXSourcesBuildPhase section */

/* Begin PBXVariantGroup section */
		AC454BB020BD3C53006CC184 /* Main.storyboard */ = {
			isa = PBXVariantGroup;
			children = (
				AC454BB120BD3C53006CC184 /* Base */,
			);
			name = Main.storyboard;
			sourceTree = "<group>";
		};
		AC454BB520BD3C53006CC184 /* LaunchScreen.storyboard */ = {
			isa = PBXVariantGroup;
			children = (
				AC454BB620BD3C53006CC184 /* Base */,
			);
			name = LaunchScreen.storyboard;
			sourceTree = "<group>";
		};
/* End PBXVariantGroup section */

/* Begin XCBuildConfiguration section */
		AC454BB920BD3C53006CC184 /* Debug */ = {
			isa = XCBuildConfiguration;
			buildSettings = {
				ALWAYS_SEARCH_USER_PATHS = NO;
				CLANG_ANALYZER_NONNULL = YES;
				CLANG_ANALYZER_NUMBER_OBJECT_CONVERSION = YES_AGGRESSIVE;
				CLANG_CXX_LANGUAGE_STANDARD = "gnu++14";
				CLANG_CXX_LIBRARY = "libc++";
				CLANG_ENABLE_MODULES = YES;
				CLANG_ENABLE_OBJC_ARC = YES;
				CLANG_WARN_BLOCK_CAPTURE_AUTORELEASING = YES;
				CLANG_WARN_BOOL_CONVERSION = YES;
				CLANG_WARN_COMMA = YES;
				CLANG_WARN_CONSTANT_CONVERSION = YES;
				CLANG_WARN_DIRECT_OBJC_ISA_USAGE = YES_ERROR;
				CLANG_WARN_DOCUMENTATION_COMMENTS = YES;
				CLANG_WARN_EMPTY_BODY = YES;
				CLANG_WARN_ENUM_CONVERSION = YES;
				CLANG_WARN_INFINITE_RECURSION = YES;
				CLANG_WARN_INT_CONVERSION = YES;
				CLANG_WARN_NON_LITERAL_NULL_CONVERSION = YES;
				CLANG_WARN_OBJC_LITERAL_CONVERSION = YES;
				CLANG_WARN_OBJC_ROOT_CLASS = YES_ERROR;
				CLANG_WARN_RANGE_LOOP_ANALYSIS = YES;
				CLANG_WARN_STRICT_PROTOTYPES = YES;
				CLANG_WARN_SUSPICIOUS_MOVE = YES;
				CLANG_WARN_UNGUARDED_AVAILABILITY = YES_AGGRESSIVE;
				CLANG_WARN_UNREACHABLE_CODE = YES;
				CLANG_WARN__DUPLICATE_METHOD_MATCH = YES;
				CODE_SIGN_IDENTITY = "iPhone Developer";
				COPY_PHASE_STRIP = NO;
				DEBUG_INFORMATION_FORMAT = dwarf;
				ENABLE_STRICT_OBJC_MSGSEND = YES;
				ENABLE_TESTABILITY = YES;
				GCC_C_LANGUAGE_STANDARD = gnu11;
				GCC_DYNAMIC_NO_PIC = NO;
				GCC_NO_COMMON_BLOCKS = YES;
				GCC_OPTIMIZATION_LEVEL = 0;
				GCC_PREPROCESSOR_DEFINITIONS = (
					"DEBUG=1",
					"$(inherited)",
				);
				GCC_WARN_64_TO_32_BIT_CONVERSION = YES;
				GCC_WARN_ABOUT_RETURN_TYPE = YES_ERROR;
				GCC_WARN_UNDECLARED_SELECTOR = YES;
				GCC_WARN_UNINITIALIZED_AUTOS = YES_AGGRESSIVE;
				GCC_WARN_UNUSED_FUNCTION = YES;
				GCC_WARN_UNUSED_VARIABLE = YES;
				IPHONEOS_DEPLOYMENT_TARGET = 11.2;
				MTL_ENABLE_DEBUG_INFO = YES;
				ONLY_ACTIVE_ARCH = YES;
				SDKROOT = iphoneos;
				SWIFT_ACTIVE_COMPILATION_CONDITIONS = DEBUG;
				SWIFT_OPTIMIZATION_LEVEL = "-Onone";
			};
			name = Debug;
		};
		AC454BBA20BD3C53006CC184 /* Release */ = {
			isa = XCBuildConfiguration;
			buildSettings = {
				ALWAYS_SEARCH_USER_PATHS = NO;
				CLANG_ANALYZER_NONNULL = YES;
				CLANG_ANALYZER_NUMBER_OBJECT_CONVERSION = YES_AGGRESSIVE;
				CLANG_CXX_LANGUAGE_STANDARD = "gnu++14";
				CLANG_CXX_LIBRARY = "libc++";
				CLANG_ENABLE_MODULES = YES;
				CLANG_ENABLE_OBJC_ARC = YES;
				CLANG_WARN_BLOCK_CAPTURE_AUTORELEASING = YES;
				CLANG_WARN_BOOL_CONVERSION = YES;
				CLANG_WARN_COMMA = YES;
				CLANG_WARN_CONSTANT_CONVERSION = YES;
				CLANG_WARN_DIRECT_OBJC_ISA_USAGE = YES_ERROR;
				CLANG_WARN_DOCUMENTATION_COMMENTS = YES;
				CLANG_WARN_EMPTY_BODY = YES;
				CLANG_WARN_ENUM_CONVERSION = YES;
				CLANG_WARN_INFINITE_RECURSION = YES;
				CLANG_WARN_INT_CONVERSION = YES;
				CLANG_WARN_NON_LITERAL_NULL_CONVERSION = YES;
				CLANG_WARN_OBJC_LITERAL_CONVERSION = YES;
				CLANG_WARN_OBJC_ROOT_CLASS = YES_ERROR;
				CLANG_WARN_RANGE_LOOP_ANALYSIS = YES;
				CLANG_WARN_STRICT_PROTOTYPES = YES;
				CLANG_WARN_SUSPICIOUS_MOVE = YES;
				CLANG_WARN_UNGUARDED_AVAILABILITY = YES_AGGRESSIVE;
				CLANG_WARN_UNREACHABLE_CODE = YES;
				CLANG_WARN__DUPLICATE_METHOD_MATCH = YES;
				CODE_SIGN_IDENTITY = "iPhone Developer";
				COPY_PHASE_STRIP = NO;
				DEBUG_INFORMATION_FORMAT = "dwarf-with-dsym";
				ENABLE_NS_ASSERTIONS = NO;
				ENABLE_STRICT_OBJC_MSGSEND = YES;
				GCC_C_LANGUAGE_STANDARD = gnu11;
				GCC_NO_COMMON_BLOCKS = YES;
				GCC_WARN_64_TO_32_BIT_CONVERSION = YES;
				GCC_WARN_ABOUT_RETURN_TYPE = YES_ERROR;
				GCC_WARN_UNDECLARED_SELECTOR = YES;
				GCC_WARN_UNINITIALIZED_AUTOS = YES_AGGRESSIVE;
				GCC_WARN_UNUSED_FUNCTION = YES;
				GCC_WARN_UNUSED_VARIABLE = YES;
				IPHONEOS_DEPLOYMENT_TARGET = 11.2;
				MTL_ENABLE_DEBUG_INFO = NO;
				SDKROOT = iphoneos;
				SWIFT_OPTIMIZATION_LEVEL = "-Owholemodule";
				VALIDATE_PRODUCT = YES;
			};
			name = Release;
		};
		AC454BBC20BD3C53006CC184 /* Debug */ = {
			isa = XCBuildConfiguration;
			buildSettings = {
				ASSETCATALOG_COMPILER_APPICON_NAME = AppIcon;
				CODE_SIGN_STYLE = Automatic;
				DEVELOPMENT_TEAM = ZFE983N23N;
				INFOPLIST_FILE = JsonTwitterParse/Info.plist;
				LD_RUNPATH_SEARCH_PATHS = "$(inherited) @executable_path/Frameworks";
				PRODUCT_BUNDLE_IDENTIFIER = com.trkaynak.JsonTwitterParse;
				PRODUCT_NAME = "$(TARGET_NAME)";
				SWIFT_VERSION = 4.0;
				TARGETED_DEVICE_FAMILY = "1,2";
			};
			name = Debug;
		};
		AC454BBD20BD3C53006CC184 /* Release */ = {
			isa = XCBuildConfiguration;
			buildSettings = {
				ASSETCATALOG_COMPILER_APPICON_NAME = AppIcon;
				CODE_SIGN_STYLE = Automatic;
				DEVELOPMENT_TEAM = ZFE983N23N;
				INFOPLIST_FILE = JsonTwitterParse/Info.plist;
				LD_RUNPATH_SEARCH_PATHS = "$(inherited) @executable_path/Frameworks";
				PRODUCT_BUNDLE_IDENTIFIER = com.trkaynak.JsonTwitterParse;
				PRODUCT_NAME = "$(TARGET_NAME)";
				SWIFT_VERSION = 4.0;
				TARGETED_DEVICE_FAMILY = "1,2";
			};
			name = Release;
		};
/* End XCBuildConfiguration section */

/* Begin XCConfigurationList section */
		AC454BA420BD3C53006CC184 /* Build configuration list for PBXProject "JsonTwitterParse" */ = {
			isa = XCConfigurationList;
			buildConfigurations = (
				AC454BB920BD3C53006CC184 /* Debug */,
				AC454BBA20BD3C53006CC184 /* Release */,
			);
			defaultConfigurationIsVisible = 0;
			defaultConfigurationName = Release;
		};
		AC454BBB20BD3C53006CC184 /* Build configuration list for PBXNativeTarget "JsonTwitterParse" */ = {
			isa = XCConfigurationList;
			buildConfigurations = (
				AC454BBC20BD3C53006CC184 /* Debug */,
				AC454BBD20BD3C53006CC184 /* Release */,
			);
			defaultConfigurationIsVisible = 0;
			defaultConfigurationName = Release;
		};
/* End XCConfigurationList section */
	};
	rootObject = AC454BA120BD3C53006CC184 /* Project object */;
}
